// !$*UTF8*$!
{
	archiveVersion = 1;
	classes = {
	};
	objectVersion = 77;
	objects = {

/* Begin PBXBuildFile section */
		1E014E1AAE6748508B25E8BB /* Mockable in Frameworks */ = {isa = PBXBuildFile; productRef = 5CC2F365F18241A9A488C845 /* Mockable */; };
		A849B5659C87482C891ABA68 /* Mockable in Frameworks */ = {isa = PBXBuildFile; productRef = F60A3130EF0A4821AB3E3967 /* Mockable */; };
/* End PBXBuildFile section */

/* Begin PBXContainerItemProxy section */
		4BD2CACB2FB3B82700BA814C /* PBXContainerItemProxy */ = {
			isa = PBXContainerItemProxy;
			containerPortal = 4BD2CAB32FB3B82500BA814C /* Project object */;
			proxyType = 1;
			remoteGlobalIDString = 4BD2CABA2FB3B82500BA814C;
			remoteInfo = Drift;
		};
		4BD2CAD52FB3B82700BA814C /* PBXContainerItemProxy */ = {
			isa = PBXContainerItemProxy;
			containerPortal = 4BD2CAB32FB3B82500BA814C /* Project object */;
			proxyType = 1;
			remoteGlobalIDString = 4BD2CABA2FB3B82500BA814C;
			remoteInfo = Drift;
		};
/* End PBXContainerItemProxy section */

/* Begin PBXFileReference section */
		4BD2CABB2FB3B82500BA814C /* Drift.app */ = {isa = PBXFileReference; explicitFileType = wrapper.application; includeInIndex = 0; path = Drift.app; sourceTree = BUILT_PRODUCTS_DIR; };
		4BD2CACA2FB3B82700BA814C /* DriftTests.xctest */ = {isa = PBXFileReference; explicitFileType = wrapper.cfbundle; includeInIndex = 0; path = DriftTests.xctest; sourceTree = BUILT_PRODUCTS_DIR; };
		4BD2CAD42FB3B82700BA814C /* DriftUITests.xctest */ = {isa = PBXFileReference; explicitFileType = wrapper.cfbundle; includeInIndex = 0; path = DriftUITests.xctest; sourceTree = BUILT_PRODUCTS_DIR; };
/* End PBXFileReference section */

/* Begin PBXFileSystemSynchronizedRootGroup section */
		4BD2CABD2FB3B82500BA814C /* Drift */ = {
			isa = PBXFileSystemSynchronizedRootGroup;
			path = Drift;
			sourceTree = "<group>";
		};
		4BD2CACD2FB3B82700BA814C /* DriftTests */ = {
			isa = PBXFileSystemSynchronizedRootGroup;
			path = DriftTests;
			sourceTree = "<group>";
		};
		4BD2CAD72FB3B82700BA814C /* DriftUITests */ = {
			isa = PBXFileSystemSynchronizedRootGroup;
			path = DriftUITests;
			sourceTree = "<group>";
		};
/* End PBXFileSystemSynchronizedRootGroup section */

/* Begin PBXFrameworksBuildPhase section */
		4BD2CAB82FB3B82500BA814C /* Frameworks */ = {
			isa = PBXFrameworksBuildPhase;
			buildActionMask = 2147483647;
			files = (
				A849B5659C87482C891ABA68 /* Mockable in Frameworks */,
			);
			runOnlyForDeploymentPostprocessing = 0;
		};
		4BD2CAC72FB3B82700BA814C /* Frameworks */ = {
			isa = PBXFrameworksBuildPhase;
			buildActionMask = 2147483647;
			files = (
				1E014E1AAE6748508B25E8BB /* Mockable in Frameworks */,
			);
			runOnlyForDeploymentPostprocessing = 0;
		};
		4BD2CAD12FB3B82700BA814C /* Frameworks */ = {
			isa = PBXFrameworksBuildPhase;
			buildActionMask = 2147483647;
			files = (
			);
			runOnlyForDeploymentPostprocessing = 0;
		};
/* End PBXFrameworksBuildPhase section */

/* Begin PBXGroup section */
		4BD2CAB22FB3B82500BA814C = {
			isa = PBXGroup;
			children = (
				4BD2CABD2FB3B82500BA814C /* Drift */,
				4BD2CACD2FB3B82700BA814C /* DriftTests */,
				4BD2CAD72FB3B82700BA814C /* DriftUITests */,
				4BD2CABC2FB3B82500BA814C /* Products */,
			);
			sourceTree = "<group>";
		};
		4BD2CABC2FB3B82500BA814C /* Products */ = {
			isa = PBXGroup;
			children = (
				4BD2CABB2FB3B82500BA814C /* Drift.app */,
				4BD2CACA2FB3B82700BA814C /* DriftTests.xctest */,
				4BD2CAD42FB3B82700BA814C /* DriftUITests.xctest */,
			);
			name = Products;
			sourceTree = "<group>";
		};
/* End PBXGroup section */

/* Begin PBXNativeTarget section */
		4BD2CABA2FB3B82500BA814C /* Drift */ = {
			isa = PBXNativeTarget;
			buildConfigurationList = 4BD2CADE2FB3B82700BA814C /* Build configuration list for PBXNativeTarget "Drift" */;
			buildPhases = (
				4BD2CAB72FB3B82500BA814C /* Sources */,
				4BD2CAB82FB3B82500BA814C /* Frameworks */,
				4BD2CAB92FB3B82500BA814C /* Resources */,
			);
			buildRules = (
			);
			dependencies = (
			);
			fileSystemSynchronizedGroups = (
				4BD2CABD2FB3B82500BA814C /* Drift */,
			);
			name = Drift;
			packageProductDependencies = (
				F60A3130EF0A4821AB3E3967 /* Mockable */,
			);
			productName = Drift;
			productReference = 4BD2CABB2FB3B82500BA814C /* Drift.app */;
			productType = "com.apple.product-type.application";
		};
		4BD2CAC92FB3B82700BA814C /* DriftTests */ = {
			isa = PBXNativeTarget;
			buildConfigurationList = 4BD2CAE12FB3B82700BA814C /* Build configuration list for PBXNativeTarget "DriftTests" */;
			buildPhases = (
				4BD2CAC62FB3B82700BA814C /* Sources */,
				4BD2CAC72FB3B82700BA814C /* Frameworks */,
				4BD2CAC82FB3B82700BA814C /* Resources */,
			);
			buildRules = (
			);
			dependencies = (
				4BD2CACC2FB3B82700BA814C /* PBXTargetDependency */,
			);
			fileSystemSynchronizedGroups = (
				4BD2CACD2FB3B82700BA814C /* DriftTests */,
			);
			name = DriftTests;
			packageProductDependencies = (
				5CC2F365F18241A9A488C845 /* Mockable */,
			);
			productName = DriftTests;
			productReference = 4BD2CACA2FB3B82700BA814C /* DriftTests.xctest */;
			productType = "com.apple.product-type.bundle.unit-test";
		};
		4BD2CAD32FB3B82700BA814C /* DriftUITests */ = {
			isa = PBXNativeTarget;
			buildConfigurationList = 4BD2CAE42FB3B82700BA814C /* Build configuration list for PBXNativeTarget "DriftUITests" */;
			buildPhases = (
				4BD2CAD02FB3B82700BA814C /* Sources */,
				4BD2CAD12FB3B82700BA814C /* Frameworks */,
				4BD2CAD22FB3B82700BA814C /* Resources */,
			);
			buildRules = (
			);
			dependencies = (
				4BD2CAD62FB3B82700BA814C /* PBXTargetDependency */,
			);
			fileSystemSynchronizedGroups = (
				4BD2CAD72FB3B82700BA814C /* DriftUITests */,
			);
			name = DriftUITests;
			packageProductDependencies = (
			);
			productName = DriftUITests;
			productReference = 4BD2CAD42FB3B82700BA814C /* DriftUITests.xctest */;
			productType = "com.apple.product-type.bundle.ui-testing";
		};
/* End PBXNativeTarget section */

/* Begin PBXProject section */
		4BD2CAB32FB3B82500BA814C /* Project object */ = {
			isa = PBXProject;
			attributes = {
				BuildIndependentTargetsInParallel = 1;
				LastSwiftUpdateCheck = 2610;
				LastUpgradeCheck = 2610;
				TargetAttributes = {
					4BD2CABA2FB3B82500BA814C = {
						CreatedOnToolsVersion = 26.1.1;
					};
					4BD2CAC92FB3B82700BA814C = {
						CreatedOnToolsVersion = 26.1.1;
						TestTargetID = 4BD2CABA2FB3B82500BA814C;
					};
					4BD2CAD32FB3B82700BA814C = {
						CreatedOnToolsVersion = 26.1.1;
						TestTargetID = 4BD2CABA2FB3B82500BA814C;
					};
				};
			};
			buildConfigurationList = 4BD2CAB62FB3B82500BA814C /* Build configuration list for PBXProject "Drift" */;
			developmentRegion = en;
			hasScannedForEncodings = 0;
			knownRegions = (
				en,
				Base,
			);
			mainGroup = 4BD2CAB22FB3B82500BA814C;
			minimizedProjectReferenceProxies = 1;
			packageReferences = (
				2DCA57A3EDD34762AE957868 /* XCRemoteSwiftPackageReference "Mockable" */,
			);
			preferredProjectObjectVersion = 77;
			productRefGroup = 4BD2CABC2FB3B82500BA814C /* Products */;
			projectDirPath = "";
			projectRoot = "";
			targets = (
				4BD2CABA2FB3B82500BA814C /* Drift */,
				4BD2CAC92FB3B82700BA814C /* DriftTests */,
				4BD2CAD32FB3B82700BA814C /* DriftUITests */,
			);
		};
/* End PBXProject section */

/* Begin PBXResourcesBuildPhase section */
		4BD2CAB92FB3B82500BA814C /* Resources */ = {
			isa = PBXResourcesBuildPhase;
			buildActionMask = 2147483647;
			files = (
			);
			runOnlyForDeploymentPostprocessing = 0;
		};
		4BD2CAC82FB3B82700BA814C /* Resources */ = {
			isa = PBXResourcesBuildPhase;
			buildActionMask = 2147483647;
			files = (
			);
			runOnlyForDeploymentPostprocessing = 0;
		};
		4BD2CAD22FB3B82700BA814C /* Resources */ = {
			isa = PBXResourcesBuildPhase;
			buildActionMask = 2147483647;
			files = (
			);
			runOnlyForDeploymentPostprocessing = 0;
		};
/* End PBXResourcesBuildPhase section */

/* Begin PBXSourcesBuildPhase section */
		4BD2CAB72FB3B82500BA814C /* Sources */ = {
			isa = PBXSourcesBuildPhase;
			buildActionMask = 2147483647;
			files = (
			);
			runOnlyForDeploymentPostprocessing = 0;
		};
		4BD2CAC62FB3B82700BA814C /* Sources */ = {
			isa = PBXSourcesBuildPhase;
			buildActionMask = 2147483647;
			files = (
			);
			runOnlyForDeploymentPostprocessing = 0;
		};
		4BD2CAD02FB3B82700BA814C /* Sources */ = {
			isa = PBXSourcesBuildPhase;
			buildActionMask = 2147483647;
			files = (
			);
			runOnlyForDeploymentPostprocessing = 0;
		};
/* End PBXSourcesBuildPhase section */

/* Begin PBXTargetDependency section */
		4BD2CACC2FB3B82700BA814C /* PBXTargetDependency */ = {
			isa = PBXTargetDependency;
			target = 4BD2CABA2FB3B82500BA814C /* Drift */;
			targetProxy = 4BD2CACB2FB3B82700BA814C /* PBXContainerItemProxy */;
		};
		4BD2CAD62FB3B82700BA814C /* PBXTargetDependency */ = {
			isa = PBXTargetDependency;
			target = 4BD2CABA2FB3B82500BA814C /* Drift */;
			targetProxy = 4BD2CAD52FB3B82700BA814C /* PBXContainerItemProxy */;
		};
/* End PBXTargetDependency section */

/* Begin XCBuildConfiguration section */
		4BD2CADC2FB3B82700BA814C /* Debug */ = {
			isa = XCBuildConfiguration;
			buildSettings = {
				ALWAYS_SEARCH_USER_PATHS = NO;
				ASSETCATALOG_COMPILER_GENERATE_SWIFT_ASSET_SYMBOL_EXTENSIONS = YES;
				CLANG_ANALYZER_NONNULL = YES;
				CLANG_ANALYZER_NUMBER_OBJECT_CONVERSION = YES_AGGRESSIVE;
				CLANG_CXX_LANGUAGE_STANDARD = "gnu++20";
				CLANG_ENABLE_MODULES = YES;
				CLANG_ENABLE_OBJC_ARC = YES;
				CLANG_ENABLE_OBJC_WEAK = YES;
				CLANG_WARN_BLOCK_CAPTURE_AUTORELEASING = YES;
				CLANG_WARN_BOOL_CONVERSION = YES;
				CLANG_WARN_COMMA = YES;
				CLANG_WARN_CONSTANT_CONVERSION = YES;
				CLANG_WARN_DEPRECATED_OBJC_IMPLEMENTATIONS = YES;
				CLANG_WARN_DIRECT_OBJC_ISA_USAGE = YES_ERROR;
				CLANG_WARN_DOCUMENTATION_COMMENTS = YES;
				CLANG_WARN_EMPTY_BODY = YES;
				CLANG_WARN_ENUM_CONVERSION = YES;
				CLANG_WARN_INFINITE_RECURSION = YES;
				CLANG_WARN_INT_CONVERSION = YES;
				CLANG_WARN_NON_LITERAL_NULL_CONVERSION = YES;
				CLANG_WARN_OBJC_IMPLICIT_RETAIN_SELF = YES;
				CLANG_WARN_OBJC_LITERAL_CONVERSION = YES;
				CLANG_WARN_OBJC_ROOT_CLASS = YES_ERROR;
				CLANG_WARN_QUOTED_INCLUDE_IN_FRAMEWORK_HEADER = YES;
				CLANG_WARN_RANGE_LOOP_ANALYSIS = YES;
				CLANG_WARN_STRICT_PROTOTYPES = YES;
				CLANG_WARN_SUSPICIOUS_MOVE = YES;
				CLANG_WARN_UNGUARDED_AVAILABILITY = YES_AGGRESSIVE;
				CLANG_WARN_UNREACHABLE_CODE = YES;
				CLANG_WARN__DUPLICATE_METHOD_MATCH = YES;
				COPY_PHASE_STRIP = NO;
				DEBUG_INFORMATION_FORMAT = dwarf;
				ENABLE_STRICT_OBJC_MSGSEND = YES;
				ENABLE_TESTABILITY = YES;
				ENABLE_USER_SCRIPT_SANDBOXING = YES;
				GCC_C_LANGUAGE_STANDARD = gnu17;
				GCC_DYNAMIC_NO_PIC = NO;
				GCC_NO_COMMON_BLOCKS = YES;
				GCC_OPTIMIZATION_LEVEL = 0;
				GCC_PREPROCESSOR_DEFINITIONS = (
					"DEBUG=1",
					"$(inherited)",
				);
				GCC_WARN_64_TO_32_BIT_CONVERSION = YES;
				GCC_WARN_ABOUT_RETURN_TYPE = YES_ERROR;
				GCC_WARN_UNDECLARED_SELECTOR = YES;
				GCC_WARN_UNINITIALIZED_AUTOS = YES_AGGRESSIVE;
				GCC_WARN_UNUSED_FUNCTION = YES;
				GCC_WARN_UNUSED_VARIABLE = YES;
				LOCALIZATION_PREFERS_STRING_CATALOGS = YES;
				MTL_ENABLE_DEBUG_INFO = INCLUDE_SOURCE;
				MTL_FAST_MATH = YES;
				ONLY_ACTIVE_ARCH = YES;
				SWIFT_ACTIVE_COMPILATION_CONDITIONS = "DEBUG $(inherited)";
				SWIFT_OPTIMIZATION_LEVEL = "-Onone";
			};
			name = Debug;
		};
		4BD2CADD2FB3B82700BA814C /* Release */ = {
			isa = XCBuildConfiguration;
			buildSettings = {
				ALWAYS_SEARCH_USER_PATHS = NO;
				ASSETCATALOG_COMPILER_GENERATE_SWIFT_ASSET_SYMBOL_EXTENSIONS = YES;
				CLANG_ANALYZER_NONNULL = YES;
				CLANG_ANALYZER_NUMBER_OBJECT_CONVERSION = YES_AGGRESSIVE;
				CLANG_CXX_LANGUAGE_STANDARD = "gnu++20";
				CLANG_ENABLE_MODULES = YES;
				CLANG_ENABLE_OBJC_ARC = YES;
				CLANG_ENABLE_OBJC_WEAK = YES;
				CLANG_WARN_BLOCK_CAPTURE_AUTORELEASING = YES;
				CLANG_WARN_BOOL_CONVERSION = YES;
				CLANG_WARN_COMMA = YES;
				CLANG_WARN_CONSTANT_CONVERSION = YES;
				CLANG_WARN_DEPRECATED_OBJC_IMPLEMENTATIONS = YES;
				CLANG_WARN_DIRECT_OBJC_ISA_USAGE = YES_ERROR;
				CLANG_WARN_DOCUMENTATION_COMMENTS = YES;
				CLANG_WARN_EMPTY_BODY = YES;
				CLANG_WARN_ENUM_CONVERSION = YES;
				CLANG_WARN_INFINITE_RECURSION = YES;
				CLANG_WARN_INT_CONVERSION = YES;
				CLANG_WARN_NON_LITERAL_NULL_CONVERSION = YES;
				CLANG_WARN_OBJC_IMPLICIT_RETAIN_SELF = YES;
				CLANG_WARN_OBJC_LITERAL_CONVERSION = YES;
				CLANG_WARN_OBJC_ROOT_CLASS = YES_ERROR;
				CLANG_WARN_QUOTED_INCLUDE_IN_FRAMEWORK_HEADER = YES;
				CLANG_WARN_RANGE_LOOP_ANALYSIS = YES;
				CLANG_WARN_STRICT_PROTOTYPES = YES;
				CLANG_WARN_SUSPICIOUS_MOVE = YES;
				CLANG_WARN_UNGUARDED_AVAILABILITY = YES_AGGRESSIVE;
				CLANG_WARN_UNREACHABLE_CODE = YES;
				CLANG_WARN__DUPLICATE_METHOD_MATCH = YES;
				COPY_PHASE_STRIP = NO;
				DEBUG_INFORMATION_FORMAT = "dwarf-with-dsym";
				ENABLE_NS_ASSERTIONS = NO;
				ENABLE_STRICT_OBJC_MSGSEND = YES;
				ENABLE_USER_SCRIPT_SANDBOXING = YES;
				GCC_C_LANGUAGE_STANDARD = gnu17;
				GCC_NO_COMMON_BLOCKS = YES;
				GCC_WARN_64_TO_32_BIT_CONVERSION = YES;
				GCC_WARN_ABOUT_RETURN_TYPE = YES_ERROR;
				GCC_WARN_UNDECLARED_SELECTOR = YES;
				GCC_WARN_UNINITIALIZED_AUTOS = YES_AGGRESSIVE;
				GCC_WARN_UNUSED_FUNCTION = YES;
				GCC_WARN_UNUSED_VARIABLE = YES;
				LOCALIZATION_PREFERS_STRING_CATALOGS = YES;
				MTL_ENABLE_DEBUG_INFO = NO;
				MTL_FAST_MATH = YES;
				SWIFT_COMPILATION_MODE = wholemodule;
			};
			name = Release;
		};
		4BD2CADF2FB3B82700BA814C /* Debug */ = {
			isa = XCBuildConfiguration;
			buildSettings = {
				APP_SHORTCUTS_ENABLE_FLEXIBLE_MATCHING = NO;
				ASSETCATALOG_COMPILER_APPICON_NAME = AppIcon;
				ASSETCATALOG_COMPILER_GLOBAL_ACCENT_COLOR_NAME = AccentColor;
				CODE_SIGN_IDENTITY = "Apple Development";
				CODE_SIGN_STYLE = Automatic;
				CURRENT_PROJECT_VERSION = 1;
				DEVELOPMENT_TEAM = P3C5WRDM3R;
				ENABLE_APP_SANDBOX = YES;
				ENABLE_PREVIEWS = YES;
				ENABLE_USER_SELECTED_FILES = readonly;
				GENERATE_INFOPLIST_FILE = YES;
				INFOPLIST_KEY_CFBundleDisplayName = Drift;
				INFOPLIST_KEY_NSMicrophoneUsageDescription = "Drift needs microphone access so you can record voice journal entries.";
				INFOPLIST_KEY_NSSpeechRecognitionUsageDescription = "Drift uses speech recognition to turn your voice journal entries into text.";
				INFOPLIST_KEY_UIApplicationSceneManifest_Generation = YES;
				"INFOPLIST_KEY_UIApplicationSceneManifest_Generation[sdk=iphoneos*]" = YES;
				"INFOPLIST_KEY_UIApplicationSceneManifest_Generation[sdk=iphonesimulator*]" = YES;
				INFOPLIST_KEY_UIApplicationSupportsIndirectInputEvents = YES;
				"INFOPLIST_KEY_UIApplicationSupportsIndirectInputEvents[sdk=iphoneos*]" = YES;
				"INFOPLIST_KEY_UIApplicationSupportsIndirectInputEvents[sdk=iphonesimulator*]" = YES;
				INFOPLIST_KEY_UILaunchScreen_Generation = YES;
				"INFOPLIST_KEY_UILaunchScreen_Generation[sdk=iphoneos*]" = YES;
				"INFOPLIST_KEY_UILaunchScreen_Generation[sdk=iphonesimulator*]" = YES;
				INFOPLIST_KEY_UIRequiresFullScreen = YES;
				INFOPLIST_KEY_UIStatusBarStyle = UIStatusBarStyleDefault;
				"INFOPLIST_KEY_UIStatusBarStyle[sdk=iphoneos*]" = UIStatusBarStyleDefault;
				"INFOPLIST_KEY_UIStatusBarStyle[sdk=iphonesimulator*]" = UIStatusBarStyleDefault;
				INFOPLIST_KEY_UISupportedInterfaceOrientations_iPad = UIInterfaceOrientationPortrait;
				INFOPLIST_KEY_UISupportedInterfaceOrientations_iPhone = UIInterfaceOrientationPortrait;
				IPHONEOS_DEPLOYMENT_TARGET = 17.0;
				LD_RUNPATH_SEARCH_PATHS = "@executable_path/Frameworks";
				"LD_RUNPATH_SEARCH_PATHS[sdk=macosx*]" = "@executable_path/../Frameworks";
				MARKETING_VERSION = 1.0;
				PRODUCT_BUNDLE_IDENTIFIER = LWR.Drift;
				PRODUCT_NAME = "$(TARGET_NAME)";
				PROVISIONING_PROFILE_SPECIFIER = "";
				SDKROOT = iphoneos;
				STRING_CATALOG_GENERATE_SYMBOLS = YES;
				SUPPORTED_PLATFORMS = "iphoneos iphonesimulator";
				SUPPORTS_MACCATALYST = NO;
				SUPPORTS_MAC_DESIGNED_FOR_IPHONE_IPAD = NO;
				SUPPORTS_XR_DESIGNED_FOR_IPHONE_IPAD = NO;
				SWIFT_ACTIVE_COMPILATION_CONDITIONS = "$(inherited) MOCKING";
				SWIFT_APPROACHABLE_CONCURRENCY = YES;
				SWIFT_EMIT_LOC_STRINGS = YES;
				SWIFT_UPCOMING_FEATURE_MEMBER_IMPORT_VISIBILITY = YES;
				SWIFT_VERSION = 5.0;
				TARGETED_DEVICE_FAMILY = "1,2";
			};
			name = Debug;
		};
		4BD2CAE02FB3B82700BA814C /* Release */ = {
			isa = XCBuildConfiguration;
			buildSettings = {
				APP_SHORTCUTS_ENABLE_FLEXIBLE_MATCHING = NO;
				ASSETCATALOG_COMPILER_APPICON_NAME = AppIcon;
				ASSETCATALOG_COMPILER_GLOBAL_ACCENT_COLOR_NAME = AccentColor;
				CODE_SIGN_IDENTITY = "Apple Development";
				CODE_SIGN_STYLE = Automatic;
				CURRENT_PROJECT_VERSION = 1;
				DEVELOPMENT_TEAM = P3C5WRDM3R;
				ENABLE_APP_SANDBOX = YES;
				ENABLE_PREVIEWS = YES;
				ENABLE_USER_SELECTED_FILES = readonly;
				GENERATE_INFOPLIST_FILE = YES;
				INFOPLIST_KEY_CFBundleDisplayName = Drift;
				INFOPLIST_KEY_NSMicrophoneUsageDescription = "Drift needs microphone access so you can record voice journal entries.";
				INFOPLIST_KEY_NSSpeechRecognitionUsageDescription = "Drift uses speech recognition to turn your voice journal entries into text.";
				INFOPLIST_KEY_UIApplicationSceneManifest_Generation = YES;
				"INFOPLIST_KEY_UIApplicationSceneManifest_Generation[sdk=iphoneos*]" = YES;
				"INFOPLIST_KEY_UIApplicationSceneManifest_Generation[sdk=iphonesimulator*]" = YES;
				INFOPLIST_KEY_UIApplicationSupportsIndirectInputEvents = YES;
				"INFOPLIST_KEY_UIApplicationSupportsIndirectInputEvents[sdk=iphoneos*]" = YES;
				"INFOPLIST_KEY_UIApplicationSupportsIndirectInputEvents[sdk=iphonesimulator*]" = YES;
				INFOPLIST_KEY_UILaunchScreen_Generation = YES;
				"INFOPLIST_KEY_UILaunchScreen_Generation[sdk=iphoneos*]" = YES;
				"INFOPLIST_KEY_UILaunchScreen_Generation[sdk=iphonesimulator*]" = YES;
				INFOPLIST_KEY_UIRequiresFullScreen = YES;
				INFOPLIST_KEY_UIStatusBarStyle = UIStatusBarStyleDefault;
				"INFOPLIST_KEY_UIStatusBarStyle[sdk=iphoneos*]" = UIStatusBarStyleDefault;
				"INFOPLIST_KEY_UIStatusBarStyle[sdk=iphonesimulator*]" = UIStatusBarStyleDefault;
				INFOPLIST_KEY_UISupportedInterfaceOrientations_iPad = UIInterfaceOrientationPortrait;
				INFOPLIST_KEY_UISupportedInterfaceOrientations_iPhone = UIInterfaceOrientationPortrait;
				IPHONEOS_DEPLOYMENT_TARGET = 17.0;
				LD_RUNPATH_SEARCH_PATHS = "@executable_path/Frameworks";
				"LD_RUNPATH_SEARCH_PATHS[sdk=macosx*]" = "@executable_path/../Frameworks";
				MARKETING_VERSION = 1.0;
				PRODUCT_BUNDLE_IDENTIFIER = LWR.Drift;
				PRODUCT_NAME = "$(TARGET_NAME)";
				PROVISIONING_PROFILE_SPECIFIER = "";
				SDKROOT = iphoneos;
				STRING_CATALOG_GENERATE_SYMBOLS = YES;
				SUPPORTED_PLATFORMS = "iphoneos iphonesimulator";
				SUPPORTS_MACCATALYST = NO;
				SUPPORTS_MAC_DESIGNED_FOR_IPHONE_IPAD = NO;
				SUPPORTS_XR_DESIGNED_FOR_IPHONE_IPAD = NO;
				SWIFT_APPROACHABLE_CONCURRENCY = YES;
				SWIFT_EMIT_LOC_STRINGS = YES;
				SWIFT_UPCOMING_FEATURE_MEMBER_IMPORT_VISIBILITY = YES;
				SWIFT_VERSION = 5.0;
				TARGETED_DEVICE_FAMILY = "1,2";
			};
			name = Release;
		};
		4BD2CAE22FB3B82700BA814C /* Debug */ = {
			isa = XCBuildConfiguration;
			buildSettings = {
				BUNDLE_LOADER = "$(TEST_HOST)";
				CODE_SIGN_STYLE = Automatic;
				CURRENT_PROJECT_VERSION = 1;
				DEVELOPMENT_TEAM = P3C5WRDM3R;
				GENERATE_INFOPLIST_FILE = YES;
				IPHONEOS_DEPLOYMENT_TARGET = 17.0;
				MARKETING_VERSION = 1.0;
				PRODUCT_BUNDLE_IDENTIFIER = LWR.DriftTests;
				PRODUCT_NAME = "$(TARGET_NAME)";
				PROVISIONING_PROFILE_SPECIFIER = "";
				SDKROOT = iphoneos;
				STRING_CATALOG_GENERATE_SYMBOLS = NO;
				SUPPORTED_PLATFORMS = "iphoneos iphonesimulator";
				SWIFT_ACTIVE_COMPILATION_CONDITIONS = "$(inherited) MOCKING";
				SWIFT_APPROACHABLE_CONCURRENCY = YES;
				SWIFT_EMIT_LOC_STRINGS = NO;
				SWIFT_UPCOMING_FEATURE_MEMBER_IMPORT_VISIBILITY = YES;
				SWIFT_VERSION = 5.0;
				TARGETED_DEVICE_FAMILY = "1,2";
				TEST_HOST = "$(BUILT_PRODUCTS_DIR)/Drift.app/$(BUNDLE_EXECUTABLE_FOLDER_PATH)/Drift";
			};
			name = Debug;
		};
		4BD2CAE32FB3B82700BA814C /* Release */ = {
			isa = XCBuildConfiguration;
			buildSettings = {
				BUNDLE_LOADER = "$(TEST_HOST)";
				CODE_SIGN_STYLE = Automatic;
				CURRENT_PROJECT_VERSION = 1;
				DEVELOPMENT_TEAM = P3C5WRDM3R;
				GENERATE_INFOPLIST_FILE = YES;
				IPHONEOS_DEPLOYMENT_TARGET = 17.0;
				MARKETING_VERSION = 1.0;
				PRODUCT_BUNDLE_IDENTIFIER = LWR.DriftTests;
				PRODUCT_NAME = "$(TARGET_NAME)";
				PROVISIONING_PROFILE_SPECIFIER = "";
				SDKROOT = iphoneos;
				STRING_CATALOG_GENERATE_SYMBOLS = NO;
				SUPPORTED_PLATFORMS = "iphoneos iphonesimulator";
				SWIFT_APPROACHABLE_CONCURRENCY = YES;
				SWIFT_EMIT_LOC_STRINGS = NO;
				SWIFT_UPCOMING_FEATURE_MEMBER_IMPORT_VISIBILITY = YES;
				SWIFT_VERSION = 5.0;
				TARGETED_DEVICE_FAMILY = "1,2";
				TEST_HOST = "$(BUILT_PRODUCTS_DIR)/Drift.app/$(BUNDLE_EXECUTABLE_FOLDER_PATH)/Drift";
			};
			name = Release;
		};
		4BD2CAE52FB3B82700BA814C /* Debug */ = {
			isa = XCBuildConfiguration;
			buildSettings = {
				CODE_SIGN_STYLE = Automatic;
				CURRENT_PROJECT_VERSION = 1;
				DEVELOPMENT_TEAM = P3C5WRDM3R;
				GENERATE_INFOPLIST_FILE = YES;
				IPHONEOS_DEPLOYMENT_TARGET = 17.0;
				MARKETING_VERSION = 1.0;
				PRODUCT_BUNDLE_IDENTIFIER = LWR.DriftUITests;
				PRODUCT_NAME = "$(TARGET_NAME)";
				SDKROOT = iphoneos;
				STRING_CATALOG_GENERATE_SYMBOLS = NO;
				SUPPORTED_PLATFORMS = "iphoneos iphonesimulator";
				SWIFT_APPROACHABLE_CONCURRENCY = YES;
				SWIFT_EMIT_LOC_STRINGS = NO;
				SWIFT_UPCOMING_FEATURE_MEMBER_IMPORT_VISIBILITY = YES;
				SWIFT_VERSION = 5.0;
				TARGETED_DEVICE_FAMILY = "1,2";
				TEST_TARGET_NAME = Drift;
			};
			name = Debug;
		};
		4BD2CAE62FB3B82700BA814C /* Release */ = {
			isa = XCBuildConfiguration;
			buildSettings = {
				CODE_SIGN_STYLE = Automatic;
				CURRENT_PROJECT_VERSION = 1;
				DEVELOPMENT_TEAM = P3C5WRDM3R;
				GENERATE_INFOPLIST_FILE = YES;
				IPHONEOS_DEPLOYMENT_TARGET = 17.0;
				MARKETING_VERSION = 1.0;
				PRODUCT_BUNDLE_IDENTIFIER = LWR.DriftUITests;
				PRODUCT_NAME = "$(TARGET_NAME)";
				SDKROOT = iphoneos;
				STRING_CATALOG_GENERATE_SYMBOLS = NO;
				SUPPORTED_PLATFORMS = "iphoneos iphonesimulator";
				SWIFT_APPROACHABLE_CONCURRENCY = YES;
				SWIFT_EMIT_LOC_STRINGS = NO;
				SWIFT_UPCOMING_FEATURE_MEMBER_IMPORT_VISIBILITY = YES;
				SWIFT_VERSION = 5.0;
				TARGETED_DEVICE_FAMILY = "1,2";
				TEST_TARGET_NAME = Drift;
			};
			name = Release;
		};
/* End XCBuildConfiguration section */

/* Begin XCConfigurationList section */
		4BD2CAB62FB3B82500BA814C /* Build configuration list for PBXProject "Drift" */ = {
			isa = XCConfigurationList;
			buildConfigurations = (
				4BD2CADC2FB3B82700BA814C /* Debug */,
				4BD2CADD2FB3B82700BA814C /* Release */,
			);
			defaultConfigurationIsVisible = 0;
			defaultConfigurationName = Release;
		};
		4BD2CADE2FB3B82700BA814C /* Build configuration list for PBXNativeTarget "Drift" */ = {
			isa = XCConfigurationList;
			buildConfigurations = (
				4BD2CADF2FB3B82700BA814C /* Debug */,
				4BD2CAE02FB3B82700BA814C /* Release */,
			);
			defaultConfigurationIsVisible = 0;
			defaultConfigurationName = Release;
		};
		4BD2CAE12FB3B82700BA814C /* Build configuration list for PBXNativeTarget "DriftTests" */ = {
			isa = XCConfigurationList;
			buildConfigurations = (
				4BD2CAE22FB3B82700BA814C /* Debug */,
				4BD2CAE32FB3B82700BA814C /* Release */,
			);
			defaultConfigurationIsVisible = 0;
			defaultConfigurationName = Release;
		};
		4BD2CAE42FB3B82700BA814C /* Build configuration list for PBXNativeTarget "DriftUITests" */ = {
			isa = XCConfigurationList;
			buildConfigurations = (
				4BD2CAE52FB3B82700BA814C /* Debug */,
				4BD2CAE62FB3B82700BA814C /* Release */,
			);
			defaultConfigurationIsVisible = 0;
			defaultConfigurationName = Release;
		};
/* End XCConfigurationList section */

/* Begin XCRemoteSwiftPackageReference section */
		2DCA57A3EDD34762AE957868 /* XCRemoteSwiftPackageReference "Mockable" */ = {
			isa = XCRemoteSwiftPackageReference;
			repositoryURL = "https://github.com/Kolos65/Mockable.git";
			requirement = {
				kind = upToNextMajorVersion;
				minimumVersion = 0.6.2;
			};
		};
/* End XCRemoteSwiftPackageReference section */

/* Begin XCSwiftPackageProductDependency section */
		5CC2F365F18241A9A488C845 /* Mockable */ = {
			isa = XCSwiftPackageProductDependency;
			package = 2DCA57A3EDD34762AE957868 /* XCRemoteSwiftPackageReference "Mockable" */;
			productName = Mockable;
		};
		F60A3130EF0A4821AB3E3967 /* Mockable */ = {
			isa = XCSwiftPackageProductDependency;
			package = 2DCA57A3EDD34762AE957868 /* XCRemoteSwiftPackageReference "Mockable" */;
			productName = Mockable;
		};
/* End XCSwiftPackageProductDependency section */
	};
	rootObject = 4BD2CAB32FB3B82500BA814C /* Project object */;
}
